
Microsoft Visual Studio Solution File, Format Version 12.00
# Visual Studio Version 17
VisualStudioVersion = 17.9.34728.123
MinimumVisualStudioVersion = 10.0.40219.1
Project("{FAE04EC0-301F-11D3-BF4B-00C04F79EFBC}") = "EFCore_1", "EFCore_1.csproj", "{67A0E35F-8672-4DD0-8730-66EE82FD682E}"
EndProject
Global
	GlobalSection(SolutionConfigurationPlatforms) = preSolution
		Debug|Any CPU = Debug|Any CPU
		Release|Any CPU = Release|Any CPU
	EndGlobalSection
	GlobalSection(ProjectConfigurationPlatforms) = postSolution
		{67A0E35F-8672-4DD0-8730-66EE82FD682E}.Debug|Any CPU.ActiveCfg = Debug|Any CPU
		{67A0E35F-8672-4DD0-8730-66EE82FD682E}.Debug|Any CPU.Build.0 = Debug|Any CPU
		{67A0E35F-8672-4DD0-8730-66EE82FD682E}.Release|Any CPU.ActiveCfg = Release|Any CPU
		{67A0E35F-8672-4DD0-8730-66EE82FD682E}.Release|Any CPU.Build.0 = Release|Any CPU
	EndGlobalSection
	GlobalSection(SolutionProperties) = preSolution
		HideSolutionNode = FALSE
	EndGlobalSection
	GlobalSection(ExtensibilityGlobals) = postSolution
		SolutionGuid = {50FFFD7B-BB2C-4933-B7FB-6793976B5368}
	EndGlobalSection
EndGlobal
